
Microsoft Visual Studio Solution File, Format Version 12.00
Project("{FAE04EC0-301F-11D3-BF4B-00C04F79EFBC}") = "PowerPuffBE", "PowerPuffBE\PowerPuffBE.csproj", "{673238BF-857C-4538-B353-F2685B85EFE9}"
EndProject
Project("{FAE04EC0-301F-11D3-BF4B-00C04F79EFBC}") = "PowerPuffBE.Data", "PowerPuffBE.Data\PowerPuffBE.Data.csproj", "{FDA779BD-2CB8-475C-9B12-E0DB9EF1CE24}"
EndProject
Project("{FAE04EC0-301F-11D3-BF4B-00C04F79EFBC}") = "PowerPuffBE.Model", "PowerPuffBE.Model\PowerPuffBE.Model.csproj", "{FBFD4CA5-455F-4C30-8DCE-BFC6618B378B}"
EndProject
Project("{FAE04EC0-301F-11D3-BF4B-00C04F79EFBC}") = "PowerPuffBE.Service", "PowerPuffBE.Service\PowerPuffBE.Service.csproj", "{8DF4B4E2-E836-4F45-ACC3-1AE0F9EA88F4}"
EndProject
Global
	GlobalSection(SolutionConfigurationPlatforms) = preSolution
		Debug|Any CPU = Debug|Any CPU
		Release|Any CPU = Release|Any CPU
	EndGlobalSection
	GlobalSection(ProjectConfigurationPlatforms) = postSolution
		{673238BF-857C-4538-B353-F2685B85EFE9}.Debug|Any CPU.ActiveCfg = Debug|Any CPU
		{673238BF-857C-4538-B353-F2685B85EFE9}.Debug|Any CPU.Build.0 = Debug|Any CPU
		{673238BF-857C-4538-B353-F2685B85EFE9}.Release|Any CPU.ActiveCfg = Release|Any CPU
		{673238BF-857C-4538-B353-F2685B85EFE9}.Release|Any CPU.Build.0 = Release|Any CPU
		{FDA779BD-2CB8-475C-9B12-E0DB9EF1CE24}.Debug|Any CPU.ActiveCfg = Debug|Any CPU
		{FDA779BD-2CB8-475C-9B12-E0DB9EF1CE24}.Debug|Any CPU.Build.0 = Debug|Any CPU
		{FDA779BD-2CB8-475C-9B12-E0DB9EF1CE24}.Release|Any CPU.ActiveCfg = Release|Any CPU
		{FDA779BD-2CB8-475C-9B12-E0DB9EF1CE24}.Release|Any CPU.Build.0 = Release|Any CPU
		{FBFD4CA5-455F-4C30-8DCE-BFC6618B378B}.Debug|Any CPU.ActiveCfg = Debug|Any CPU
		{FBFD4CA5-455F-4C30-8DCE-BFC6618B378B}.Debug|Any CPU.Build.0 = Debug|Any CPU
		{FBFD4CA5-455F-4C30-8DCE-BFC6618B378B}.Release|Any CPU.ActiveCfg = Release|Any CPU
		{FBFD4CA5-455F-4C30-8DCE-BFC6618B378B}.Release|Any CPU.Build.0 = Release|Any CPU
		{8DF4B4E2-E836-4F45-ACC3-1AE0F9EA88F4}.Debug|Any CPU.ActiveCfg = Debug|Any CPU
		{8DF4B4E2-E836-4F45-ACC3-1AE0F9EA88F4}.Debug|Any CPU.Build.0 = Debug|Any CPU
		{8DF4B4E2-E836-4F45-ACC3-1AE0F9EA88F4}.Release|Any CPU.ActiveCfg = Release|Any CPU
		{8DF4B4E2-E836-4F45-ACC3-1AE0F9EA88F4}.Release|Any CPU.Build.0 = Release|Any CPU
	EndGlobalSection
EndGlobal
